PODS:
  - Differentiator (5.0.0)
  - Eureka (5.3.3)
  - FLEX (4.4.1)
  - FontBlaster (5.1.3)
  - Kingfisher (6.3.0)
  - Neon (0.4.0)
  - RxCocoa (6.2.0):
    - RxRelay (= 6.2.0)
    - RxSwift (= 6.2.0)
  - RxDataSources (5.0.0):
    - Differentiator (~> 5.0)
    - RxCocoa (~> 6.0)
    - RxSwift (~> 6.0)
  - RxFlow (2.12.2):
    - RxCocoa (>= 6.0.0)
    - RxSwift (>= 6.0.0)
  - RxRelay (6.2.0):
    - RxSwift (= 6.2.0)
  - RxSwift (6.2.0)
  - SCLAlertView (0.8)
  - SwiftDate (6.3.1)
  - SwiftyUserDefaults (5.3.0)
  - XCDYouTubeKit (2.15.2)

DEPENDENCIES:
  - Eureka
  - FLEX
  - FontBlaster
  - Kingfisher
  - Neon
  - RxCocoa
  - RxDataSources
  - RxFlow
  - RxSwift
  - SCLAlertView
  - SwiftDate
  - SwiftyUserDefaults
  - XCDYouTubeKit (from `https://github.com/Candygoblen123/XCDYouTubeKit`, branch `master`)

SPEC REPOS:
  trunk:
    - Differentiator
    - Eureka
    - FLEX
    - FontBlaster
    - Kingfisher
    - Neon
    - RxCocoa
    - RxDataSources
    - RxFlow
    - RxRelay
    - RxSwift
    - SCLAlertView
    - SwiftDate
    - SwiftyUserDefaults

EXTERNAL SOURCES:
  XCDYouTubeKit:
    :branch: master
    :git: https://github.com/Candygoblen123/XCDYouTubeKit

CHECKOUT OPTIONS:
  XCDYouTubeKit:
    :commit: b82a72e2590b1958a78514fcd8107edd572d2c8e
    :git: https://github.com/Candygoblen123/XCDYouTubeKit

SPEC CHECKSUMS:
  Differentiator: e8497ceab83c1b10ca233716d547b9af21b9344d
  Eureka: e6d720290c56bb23333ad1a0e020b2a98a0e9a43
  FLEX: 7ca2c8cd3a435ff501ff6d2f2141e9bdc934eaab
  FontBlaster: 5bbc2d94d5731e9bad4f46172e58b1106af99516
  Kingfisher: 6c3df386db71d82c0817a429d2c9421a77396529
  Neon: 7fb5a9327e7e57911843f608e08f4893a74deaf9
  RxCocoa: 4baf94bb35f2c0ab31bc0cb9f1900155f646ba42
  RxDataSources: aa47cc1ed6c500fa0dfecac5c979b723542d79cf
  RxFlow: fa434215aca391d10d4d5048c0a035c9502b3666
  RxRelay: e72dbfd157807478401ef1982e1c61c945c94b2f
  RxSwift: d356ab7bee873611322f134c5f9ef379fa183d8f
  SCLAlertView: 6a77bb2edfc65e04dbe57725546cb4107a506b85
  SwiftDate: 72d28954e8e1c6c1c0f917ccc8005e4f83c7d4b2
  SwiftyUserDefaults: 63f80248cf5bfb3458825d9a78f2eb7e1293a040
  XCDYouTubeKit: b120aced3d8638ffb570c5450cddb5a1dac448c7

PODFILE CHECKSUM: 45f3bdd47ad6dccb9f0b50654270da7e8a124e70

COCOAPODS: 1.10.1
